// !$*UTF8*$!
{
	archiveVersion = 1;
	classes = {
	};
	objectVersion = 46;
	objects = {

/* Begin PBXBuildFile section */
		5FFCC4321AF2981800EAF299 /* main.m in Sources */ = {isa = PBXBuildFile; fileRef = 5FFCC4311AF2981800EAF299 /* main.m */; };
		5FFCC4351AF2981800EAF299 /* AppDelegate.m in Sources */ = {isa = PBXBuildFile; fileRef = 5FFCC4341AF2981800EAF299 /* AppDelegate.m */; };
		5FFCC4381AF2981800EAF299 /* ViewController.m in Sources */ = {isa = PBXBuildFile; fileRef = 5FFCC4371AF2981800EAF299 /* ViewController.m */; };
		5FFCC43B1AF2981800EAF299 /* Main.storyboard in Resources */ = {isa = PBXBuildFile; fileRef = 5FFCC4391AF2981800EAF299 /* Main.storyboard */; };
		5FFCC43D1AF2981800EAF299 /* Images.xcassets in Resources */ = {isa = PBXBuildFile; fileRef = 5FFCC43C1AF2981800EAF299 /* Images.xcassets */; };
		5FFCC4401AF2981800EAF299 /* LaunchScreen.xib in Resources */ = {isa = PBXBuildFile; fileRef = 5FFCC43E1AF2981800EAF299 /* LaunchScreen.xib */; };
		5FFCC44C1AF2981800EAF299 /* FaceDetectorTests.m in Sources */ = {isa = PBXBuildFile; fileRef = 5FFCC44B1AF2981800EAF299 /* FaceDetectorTests.m */; };
/* End PBXBuildFile section */

/* Begin PBXContainerItemProxy section */
		5FFCC4461AF2981800EAF299 /* PBXContainerItemProxy */ = {
			isa = PBXContainerItemProxy;
			containerPortal = 5FFCC4241AF2981800EAF299 /* Project object */;
			proxyType = 1;
			remoteGlobalIDString = 5FFCC42B1AF2981800EAF299;
			remoteInfo = FaceDetector;
		};
/* End PBXContainerItemProxy section */

/* Begin PBXFileReference section */
		5FFCC42C1AF2981800EAF299 /* FaceDetector.app */ = {isa = PBXFileReference; explicitFileType = wrapper.application; includeInIndex = 0; path = FaceDetector.app; sourceTree = BUILT_PRODUCTS_DIR; };
		5FFCC4301AF2981800EAF299 /* Info.plist */ = {isa = PBXFileReference; lastKnownFileType = text.plist.xml; path = Info.plist; sourceTree = "<group>"; };
		5FFCC4311AF2981800EAF299 /* main.m */ = {isa = PBXFileReference; lastKnownFileType = sourcecode.c.objc; path = main.m; sourceTree = "<group>"; };
		5FFCC4331AF2981800EAF299 /* AppDelegate.h */ = {isa = PBXFileReference; lastKnownFileType = sourcecode.c.h; path = AppDelegate.h; sourceTree = "<group>"; };
		5FFCC4341AF2981800EAF299 /* AppDelegate.m */ = {isa = PBXFileReference; lastKnownFileType = sourcecode.c.objc; path = AppDelegate.m; sourceTree = "<group>"; };
		5FFCC4361AF2981800EAF299 /* ViewController.h */ = {isa = PBXFileReference; lastKnownFileType = sourcecode.c.h; path = ViewController.h; sourceTree = "<group>"; };
		5FFCC4371AF2981800EAF299 /* ViewController.m */ = {isa = PBXFileReference; lastKnownFileType = sourcecode.c.objc; path = ViewController.m; sourceTree = "<group>"; };
		5FFCC43A1AF2981800EAF299 /* Base */ = {isa = PBXFileReference; lastKnownFileType = file.storyboard; name = Base; path = Base.lproj/Main.storyboard; sourceTree = "<group>"; };
		5FFCC43C1AF2981800EAF299 /* Images.xcassets */ = {isa = PBXFileReference; lastKnownFileType = folder.assetcatalog; path = Images.xcassets; sourceTree = "<group>"; };
		5FFCC43F1AF2981800EAF299 /* Base */ = {isa = PBXFileReference; lastKnownFileType = file.xib; name = Base; path = Base.lproj/LaunchScreen.xib; sourceTree = "<group>"; };
		5FFCC4451AF2981800EAF299 /* FaceDetectorTests.xctest */ = {isa = PBXFileReference; explicitFileType = wrapper.cfbundle; includeInIndex = 0; path = FaceDetectorTests.xctest; sourceTree = BUILT_PRODUCTS_DIR; };
		5FFCC44A1AF2981800EAF299 /* Info.plist */ = {isa = PBXFileReference; lastKnownFileType = text.plist.xml; path = Info.plist; sourceTree = "<group>"; };
		5FFCC44B1AF2981800EAF299 /* FaceDetectorTests.m */ = {isa = PBXFileReference; lastKnownFileType = sourcecode.c.objc; path = FaceDetectorTests.m; sourceTree = "<group>"; };
/* End PBXFileReference section */

/* Begin PBXFrameworksBuildPhase section */
		5FFCC4291AF2981800EAF299 /* Frameworks */ = {
			isa = PBXFrameworksBuildPhase;
			buildActionMask = 2147483647;
			files = (
			);
			runOnlyForDeploymentPostprocessing = 0;
		};
		5FFCC4421AF2981800EAF299 /* Frameworks */ = {
			isa = PBXFrameworksBuildPhase;
			buildActionMask = 2147483647;
			files = (
			);
			runOnlyForDeploymentPostprocessing = 0;
		};
/* End PBXFrameworksBuildPhase section */

/* Begin PBXGroup section */
		5FFCC4231AF2981800EAF299 = {
			isa = PBXGroup;
			children = (
				5FFCC42E1AF2981800EAF299 /* FaceDetector */,
				5FFCC4481AF2981800EAF299 /* FaceDetectorTests */,
				5FFCC42D1AF2981800EAF299 /* Products */,
			);
			sourceTree = "<group>";
		};
		5FFCC42D1AF2981800EAF299 /* Products */ = {
			isa = PBXGroup;
			children = (
				5FFCC42C1AF2981800EAF299 /* FaceDetector.app */,
				5FFCC4451AF2981800EAF299 /* FaceDetectorTests.xctest */,
			);
			name = Products;
			sourceTree = "<group>";
		};
		5FFCC42E1AF2981800EAF299 /* FaceDetector */ = {
			isa = PBXGroup;
			children = (
				5FFCC4331AF2981800EAF299 /* AppDelegate.h */,
				5FFCC4341AF2981800EAF299 /* AppDelegate.m */,
				5FFCC4361AF2981800EAF299 /* ViewController.h */,
				5FFCC4371AF2981800EAF299 /* ViewController.m */,
				5FFCC4391AF2981800EAF299 /* Main.storyboard */,
				5FFCC43C1AF2981800EAF299 /* Images.xcassets */,
				5FFCC43E1AF2981800EAF299 /* LaunchScreen.xib */,
				5FFCC42F1AF2981800EAF299 /* Supporting Files */,
			);
			path = FaceDetector;
			sourceTree = "<group>";
		};
		5FFCC42F1AF2981800EAF299 /* Supporting Files */ = {
			isa = PBXGroup;
			children = (
				5FFCC4301AF2981800EAF299 /* Info.plist */,
				5FFCC4311AF2981800EAF299 /* main.m */,
			);
			name = "Supporting Files";
			sourceTree = "<group>";
		};
		5FFCC4481AF2981800EAF299 /* FaceDetectorTests */ = {
			isa = PBXGroup;
			children = (
				5FFCC44B1AF2981800EAF299 /* FaceDetectorTests.m */,
				5FFCC4491AF2981800EAF299 /* Supporting Files */,
			);
			path = FaceDetectorTests;
			sourceTree = "<group>";
		};
		5FFCC4491AF2981800EAF299 /* Supporting Files */ = {
			isa = PBXGroup;
			children = (
				5FFCC44A1AF2981800EAF299 /* Info.plist */,
			);
			name = "Supporting Files";
			sourceTree = "<group>";
		};
/* End PBXGroup section */

/* Begin PBXNativeTarget section */
		5FFCC42B1AF2981800EAF299 /* FaceDetector */ = {
			isa = PBXNativeTarget;
			buildConfigurationList = 5FFCC44F1AF2981800EAF299 /* Build configuration list for PBXNativeTarget "FaceDetector" */;
			buildPhases = (
				5FFCC4281AF2981800EAF299 /* Sources */,
				5FFCC4291AF2981800EAF299 /* Frameworks */,
				5FFCC42A1AF2981800EAF299 /* Resources */,
			);
			buildRules = (
			);
			dependencies = (
			);
			name = FaceDetector;
			productName = FaceDetector;
			productReference = 5FFCC42C1AF2981800EAF299 /* FaceDetector.app */;
			productType = "com.apple.product-type.application";
		};
		5FFCC4441AF2981800EAF299 /* FaceDetectorTests */ = {
			isa = PBXNativeTarget;
			buildConfigurationList = 5FFCC4521AF2981800EAF299 /* Build configuration list for PBXNativeTarget "FaceDetectorTests" */;
			buildPhases = (
				5FFCC4411AF2981800EAF299 /* Sources */,
				5FFCC4421AF2981800EAF299 /* Frameworks */,
				5FFCC4431AF2981800EAF299 /* Resources */,
			);
			buildRules = (
			);
			dependencies = (
				5FFCC4471AF2981800EAF299 /* PBXTargetDependency */,
			);
			name = FaceDetectorTests;
			productName = FaceDetectorTests;
			productReference = 5FFCC4451AF2981800EAF299 /* FaceDetectorTests.xctest */;
			productType = "com.apple.product-type.bundle.unit-test";
		};
/* End PBXNativeTarget section */

/* Begin PBXProject section */
		5FFCC4241AF2981800EAF299 /* Project object */ = {
			isa = PBXProject;
			attributes = {
				LastUpgradeCheck = 0630;
				ORGANIZATIONNAME = "SolArt Apps";
				TargetAttributes = {
					5FFCC42B1AF2981800EAF299 = {
						CreatedOnToolsVersion = 6.3.1;
					};
					5FFCC4441AF2981800EAF299 = {
						CreatedOnToolsVersion = 6.3.1;
						TestTargetID = 5FFCC42B1AF2981800EAF299;
					};
				};
			};
			buildConfigurationList = 5FFCC4271AF2981800EAF299 /* Build configuration list for PBXProject "FaceDetector" */;
			compatibilityVersion = "Xcode 3.2";
			developmentRegion = English;
			hasScannedForEncodings = 0;
			knownRegions = (
				en,
				Base,
			);
			mainGroup = 5FFCC4231AF2981800EAF299;
			productRefGroup = 5FFCC42D1AF2981800EAF299 /* Products */;
			projectDirPath = "";
			projectRoot = "";
			targets = (
				5FFCC42B1AF2981800EAF299 /* FaceDetector */,
				5FFCC4441AF2981800EAF299 /* FaceDetectorTests */,
			);
		};
/* End PBXProject section */

/* Begin PBXResourcesBuildPhase section */
		5FFCC42A1AF2981800EAF299 /* Resources */ = {
			isa = PBXResourcesBuildPhase;
			buildActionMask = 2147483647;
			files = (
				5FFCC43B1AF2981800EAF299 /* Main.storyboard in Resources */,
				5FFCC4401AF2981800EAF299 /* LaunchScreen.xib in Resources */,
				5FFCC43D1AF2981800EAF299 /* Images.xcassets in Resources */,
			);
			runOnlyForDeploymentPostprocessing = 0;
		};
		5FFCC4431AF2981800EAF299 /* Resources */ = {
			isa = PBXResourcesBuildPhase;
			buildActionMask = 2147483647;
			files = (
			);
			runOnlyForDeploymentPostprocessing = 0;
		};
/* End PBXResourcesBuildPhase section */

/* Begin PBXSourcesBuildPhase section */
		5FFCC4281AF2981800EAF299 /* Sources */ = {
			isa = PBXSourcesBuildPhase;
			buildActionMask = 2147483647;
			files = (
				5FFCC4381AF2981800EAF299 /* ViewController.m in Sources */,
				5FFCC4351AF2981800EAF299 /* AppDelegate.m in Sources */,
				5FFCC4321AF2981800EAF299 /* main.m in Sources */,
			);
			runOnlyForDeploymentPostprocessing = 0;
		};
		5FFCC4411AF2981800EAF299 /* Sources */ = {
			isa = PBXSourcesBuildPhase;
			buildActionMask = 2147483647;
			files = (
				5FFCC44C1AF2981800EAF299 /* FaceDetectorTests.m in Sources */,
			);
			runOnlyForDeploymentPostprocessing = 0;
		};
/* End PBXSourcesBuildPhase section */

/* Begin PBXTargetDependency section */
		5FFCC4471AF2981800EAF299 /* PBXTargetDependency */ = {
			isa = PBXTargetDependency;
			target = 5FFCC42B1AF2981800EAF299 /* FaceDetector */;
			targetProxy = 5FFCC4461AF2981800EAF299 /* PBXContainerItemProxy */;
		};
/* End PBXTargetDependency section */

/* Begin PBXVariantGroup section */
		5FFCC4391AF2981800EAF299 /* Main.storyboard */ = {
			isa = PBXVariantGroup;
			children = (
				5FFCC43A1AF2981800EAF299 /* Base */,
			);
			name = Main.storyboard;
			sourceTree = "<group>";
		};
		5FFCC43E1AF2981800EAF299 /* LaunchScreen.xib */ = {
			isa = PBXVariantGroup;
			children = (
				5FFCC43F1AF2981800EAF299 /* Base */,
			);
			name = LaunchScreen.xib;
			sourceTree = "<group>";
		};
/* End PBXVariantGroup section */

/* Begin XCBuildConfiguration section */
		5FFCC44D1AF2981800EAF299 /* Debug */ = {
			isa = XCBuildConfiguration;
			buildSettings = {
				ALWAYS_SEARCH_USER_PATHS = NO;
				CLANG_CXX_LANGUAGE_STANDARD = "gnu++0x";
				CLANG_CXX_LIBRARY = "libc++";
				CLANG_ENABLE_MODULES = YES;
				CLANG_ENABLE_OBJC_ARC = YES;
				CLANG_WARN_BOOL_CONVERSION = YES;
				CLANG_WARN_CONSTANT_CONVERSION = YES;
				CLANG_WARN_DIRECT_OBJC_ISA_USAGE = YES_ERROR;
				CLANG_WARN_EMPTY_BODY = YES;
				CLANG_WARN_ENUM_CONVERSION = YES;
				CLANG_WARN_INT_CONVERSION = YES;
				CLANG_WARN_OBJC_ROOT_CLASS = YES_ERROR;
				CLANG_WARN_UNREACHABLE_CODE = YES;
				CLANG_WARN__DUPLICATE_METHOD_MATCH = YES;
				"CODE_SIGN_IDENTITY[sdk=iphoneos*]" = "iPhone Developer";
				COPY_PHASE_STRIP = NO;
				DEBUG_INFORMATION_FORMAT = "dwarf-with-dsym";
				ENABLE_STRICT_OBJC_MSGSEND = YES;
				GCC_C_LANGUAGE_STANDARD = gnu99;
				GCC_DYNAMIC_NO_PIC = NO;
				GCC_NO_COMMON_BLOCKS = YES;
				GCC_OPTIMIZATION_LEVEL = 0;
				GCC_PREPROCESSOR_DEFINITIONS = (
					"DEBUG=1",
					"$(inherited)",
				);
				GCC_SYMBOLS_PRIVATE_EXTERN = NO;
				GCC_WARN_64_TO_32_BIT_CONVERSION = YES;
				GCC_WARN_ABOUT_RETURN_TYPE = YES_ERROR;
				GCC_WARN_UNDECLARED_SELECTOR = YES;
				GCC_WARN_UNINITIALIZED_AUTOS = YES_AGGRESSIVE;
				GCC_WARN_UNUSED_FUNCTION = YES;
				GCC_WARN_UNUSED_VARIABLE = YES;
				IPHONEOS_DEPLOYMENT_TARGET = 8.3;
				MTL_ENABLE_DEBUG_INFO = YES;
				ONLY_ACTIVE_ARCH = YES;
				SDKROOT = iphoneos;
			};
			name = Debug;
		};
		5FFCC44E1AF2981800EAF299 /* Release */ = {
			isa = XCBuildConfiguration;
			buildSettings = {
				ALWAYS_SEARCH_USER_PATHS = NO;
				CLANG_CXX_LANGUAGE_STANDARD = "gnu++0x";
				CLANG_CXX_LIBRARY = "libc++";
				CLANG_ENABLE_MODULES = YES;
				CLANG_ENABLE_OBJC_ARC = YES;
				CLANG_WARN_BOOL_CONVERSION = YES;
				CLANG_WARN_CONSTANT_CONVERSION = YES;
				CLANG_WARN_DIRECT_OBJC_ISA_USAGE = YES_ERROR;
				CLANG_WARN_EMPTY_BODY = YES;
				CLANG_WARN_ENUM_CONVERSION = YES;
				CLANG_WARN_INT_CONVERSION = YES;
				CLANG_WARN_OBJC_ROOT_CLASS = YES_ERROR;
				CLANG_WARN_UNREACHABLE_CODE = YES;
				CLANG_WARN__DUPLICATE_METHOD_MATCH = YES;
				"CODE_SIGN_IDENTITY[sdk=iphoneos*]" = "iPhone Developer";
				COPY_PHASE_STRIP = NO;
				DEBUG_INFORMATION_FORMAT = "dwarf-with-dsym";
				ENABLE_NS_ASSERTIONS = NO;
				ENABLE_STRICT_OBJC_MSGSEND = YES;
				GCC_C_LANGUAGE_STANDARD = gnu99;
				GCC_NO_COMMON_BLOCKS = YES;
				GCC_WARN_64_TO_32_BIT_CONVERSION = YES;
				GCC_WARN_ABOUT_RETURN_TYPE = YES_ERROR;
				GCC_WARN_UNDECLARED_SELECTOR = YES;
				GCC_WARN_UNINITIALIZED_AUTOS = YES_AGGRESSIVE;
				GCC_WARN_UNUSED_FUNCTION = YES;
				GCC_WARN_UNUSED_VARIABLE = YES;
				IPHONEOS_DEPLOYMENT_TARGET = 8.3;
				MTL_ENABLE_DEBUG_INFO = NO;
				SDKROOT = iphoneos;
				VALIDATE_PRODUCT = YES;
			};
			name = Release;
		};
		5FFCC4501AF2981800EAF299 /* Debug */ = {
			isa = XCBuildConfiguration;
			buildSettings = {
				ASSETCATALOG_COMPILER_APPICON_NAME = AppIcon;
				INFOPLIST_FILE = FaceDetector/Info.plist;
				LD_RUNPATH_SEARCH_PATHS = "$(inherited) @executable_path/Frameworks";
				PRODUCT_NAME = "$(TARGET_NAME)";
			};
			name = Debug;
		};
		5FFCC4511AF2981800EAF299 /* Release */ = {
			isa = XCBuildConfiguration;
			buildSettings = {
				ASSETCATALOG_COMPILER_APPICON_NAME = AppIcon;
				INFOPLIST_FILE = FaceDetector/Info.plist;
				LD_RUNPATH_SEARCH_PATHS = "$(inherited) @executable_path/Frameworks";
				PRODUCT_NAME = "$(TARGET_NAME)";
			};
			name = Release;
		};
		5FFCC4531AF2981800EAF299 /* Debug */ = {
			isa = XCBuildConfiguration;
			buildSettings = {
				BUNDLE_LOADER = "$(TEST_HOST)";
				FRAMEWORK_SEARCH_PATHS = (
					"$(SDKROOT)/Developer/Library/Frameworks",
					"$(inherited)",
				);
				GCC_PREPROCESSOR_DEFINITIONS = (
					"DEBUG=1",
					"$(inherited)",
				);
				INFOPLIST_FILE = FaceDetectorTests/Info.plist;
				LD_RUNPATH_SEARCH_PATHS = "$(inherited) @executable_path/Frameworks @loader_path/Frameworks";
				PRODUCT_NAME = "$(TARGET_NAME)";
				TEST_HOST = "$(BUILT_PRODUCTS_DIR)/FaceDetector.app/FaceDetector";
			};
			name = Debug;
		};
		5FFCC4541AF2981800EAF299 /* Release */ = {
			isa = XCBuildConfiguration;
			buildSettings = {
				BUNDLE_LOADER = "$(TEST_HOST)";
				FRAMEWORK_SEARCH_PATHS = (
					"$(SDKROOT)/Developer/Library/Frameworks",
					"$(inherited)",
				);
				INFOPLIST_FILE = FaceDetectorTests/Info.plist;
				LD_RUNPATH_SEARCH_PATHS = "$(inherited) @executable_path/Frameworks @loader_path/Frameworks";
				PRODUCT_NAME = "$(TARGET_NAME)";
				TEST_HOST = "$(BUILT_PRODUCTS_DIR)/FaceDetector.app/FaceDetector";
			};
			name = Release;
		};
/* End XCBuildConfiguration section */

/* Begin XCConfigurationList section */
		5FFCC4271AF2981800EAF299 /* Build configuration list for PBXProject "FaceDetector" */ = {
			isa = XCConfigurationList;
			buildConfigurations = (
				5FFCC44D1AF2981800EAF299 /* Debug */,
				5FFCC44E1AF2981800EAF299 /* Release */,
			);
			defaultConfigurationIsVisible = 0;
			defaultConfigurationName = Release;
		};
		5FFCC44F1AF2981800EAF299 /* Build configuration list for PBXNativeTarget "FaceDetector" */ = {
			isa = XCConfigurationList;
			buildConfigurations = (
				5FFCC4501AF2981800EAF299 /* Debug */,
				5FFCC4511AF2981800EAF299 /* Release */,
			);
			defaultConfigurationIsVisible = 0;
		};
		5FFCC4521AF2981800EAF299 /* Build configuration list for PBXNativeTarget "FaceDetectorTests" */ = {
			isa = XCConfigurationList;
			buildConfigurations = (
				5FFCC4531AF2981800EAF299 /* Debug */,
				5FFCC4541AF2981800EAF299 /* Release */,
			);
			defaultConfigurationIsVisible = 0;
		};
/* End XCConfigurationList section */
	};
	rootObject = 5FFCC4241AF2981800EAF299 /* Project object */;
}
